
Microsoft Visual Studio Solution File, Format Version 12.00
# Visual Studio Version 17
VisualStudioVersion = 17.3.32922.545
MinimumVisualStudioVersion = 10.0.40219.1
Project("{FAE04EC0-301F-11D3-BF4B-00C04F79EFBC}") = "Webmypcproject", "Webmypcproject\Webmypcproject.csproj", "{8806099C-8A0C-4461-A67B-8F788DD655B3}"
EndProject
Global
	GlobalSection(SolutionConfigurationPlatforms) = preSolution
		Debug|Any CPU = Debug|Any CPU
		Release|Any CPU = Release|Any CPU
	EndGlobalSection
	GlobalSection(ProjectConfigurationPlatforms) = postSolution
		{8806099C-8A0C-4461-A67B-8F788DD655B3}.Debug|Any CPU.ActiveCfg = Debug|Any CPU
		{8806099C-8A0C-4461-A67B-8F788DD655B3}.Debug|Any CPU.Build.0 = Debug|Any CPU
		{8806099C-8A0C-4461-A67B-8F788DD655B3}.Release|Any CPU.ActiveCfg = Release|Any CPU
		{8806099C-8A0C-4461-A67B-8F788DD655B3}.Release|Any CPU.Build.0 = Release|Any CPU
	EndGlobalSection
	GlobalSection(SolutionProperties) = preSolution
		HideSolutionNode = FALSE
	EndGlobalSection
	GlobalSection(ExtensibilityGlobals) = postSolution
		SolutionGuid = {F5C58F17-FBC5-4FB3-9677-366F8BFCA88F}
	EndGlobalSection
EndGlobal
